// !$*UTF8*$!
{
	archiveVersion = 1;
	classes = {
	};
	objectVersion = 55;
	objects = {

/* Begin PBXBuildFile section */
		1E32100B091D5545A9E55873 /* Pods_KadaiChallenge9.framework in Frameworks */ = {isa = PBXBuildFile; fileRef = B7537CAEC8085EDF6C53C4CD /* Pods_KadaiChallenge9.framework */; };
		D3215826281E7EE6003F404A /* AppDelegate.swift in Sources */ = {isa = PBXBuildFile; fileRef = D3215825281E7EE6003F404A /* AppDelegate.swift */; };
		D3215828281E7EE6003F404A /* SceneDelegate.swift in Sources */ = {isa = PBXBuildFile; fileRef = D3215827281E7EE6003F404A /* SceneDelegate.swift */; };
		D321582A281E7EE6003F404A /* ViewController.swift in Sources */ = {isa = PBXBuildFile; fileRef = D3215829281E7EE6003F404A /* ViewController.swift */; };
		D321582D281E7EE6003F404A /* Main.storyboard in Resources */ = {isa = PBXBuildFile; fileRef = D321582B281E7EE6003F404A /* Main.storyboard */; };
		D321582F281E7EE8003F404A /* Assets.xcassets in Resources */ = {isa = PBXBuildFile; fileRef = D321582E281E7EE8003F404A /* Assets.xcassets */; };
		D3215832281E7EE8003F404A /* LaunchScreen.storyboard in Resources */ = {isa = PBXBuildFile; fileRef = D3215830281E7EE8003F404A /* LaunchScreen.storyboard */; };
		D3B2ABC6281E842400915C00 /* SelectionPrefecturesViewController.swift in Sources */ = {isa = PBXBuildFile; fileRef = D3B2ABC5281E842400915C00 /* SelectionPrefecturesViewController.swift */; };
/* End PBXBuildFile section */

/* Begin PBXFileReference section */
		976BCF2E39F59CC6B25376B2 /* Pods-KadaiChallenge9.release.xcconfig */ = {isa = PBXFileReference; includeInIndex = 1; lastKnownFileType = text.xcconfig; name = "Pods-KadaiChallenge9.release.xcconfig"; path = "Target Support Files/Pods-KadaiChallenge9/Pods-KadaiChallenge9.release.xcconfig"; sourceTree = "<group>"; };
		B7537CAEC8085EDF6C53C4CD /* Pods_KadaiChallenge9.framework */ = {isa = PBXFileReference; explicitFileType = wrapper.framework; includeInIndex = 0; path = Pods_KadaiChallenge9.framework; sourceTree = BUILT_PRODUCTS_DIR; };
		D3215822281E7EE6003F404A /* KadaiChallenge9.app */ = {isa = PBXFileReference; explicitFileType = wrapper.application; includeInIndex = 0; path = KadaiChallenge9.app; sourceTree = BUILT_PRODUCTS_DIR; };
		D3215825281E7EE6003F404A /* AppDelegate.swift */ = {isa = PBXFileReference; lastKnownFileType = sourcecode.swift; path = AppDelegate.swift; sourceTree = "<group>"; };
		D3215827281E7EE6003F404A /* SceneDelegate.swift */ = {isa = PBXFileReference; lastKnownFileType = sourcecode.swift; path = SceneDelegate.swift; sourceTree = "<group>"; };
		D3215829281E7EE6003F404A /* ViewController.swift */ = {isa = PBXFileReference; lastKnownFileType = sourcecode.swift; path = ViewController.swift; sourceTree = "<group>"; };
		D321582C281E7EE6003F404A /* Base */ = {isa = PBXFileReference; lastKnownFileType = file.storyboard; name = Base; path = Base.lproj/Main.storyboard; sourceTree = "<group>"; };
		D321582E281E7EE8003F404A /* Assets.xcassets */ = {isa = PBXFileReference; lastKnownFileType = folder.assetcatalog; path = Assets.xcassets; sourceTree = "<group>"; };
		D3215831281E7EE8003F404A /* Base */ = {isa = PBXFileReference; lastKnownFileType = file.storyboard; name = Base; path = Base.lproj/LaunchScreen.storyboard; sourceTree = "<group>"; };
		D3215833281E7EE8003F404A /* Info.plist */ = {isa = PBXFileReference; lastKnownFileType = text.plist.xml; path = Info.plist; sourceTree = "<group>"; };
		D3B2ABC5281E842400915C00 /* SelectionPrefecturesViewController.swift */ = {isa = PBXFileReference; lastKnownFileType = sourcecode.swift; path = SelectionPrefecturesViewController.swift; sourceTree = "<group>"; };
		F79DDA8C3C583AB450B3BE97 /* Pods-KadaiChallenge9.debug.xcconfig */ = {isa = PBXFileReference; includeInIndex = 1; lastKnownFileType = text.xcconfig; name = "Pods-KadaiChallenge9.debug.xcconfig"; path = "Target Support Files/Pods-KadaiChallenge9/Pods-KadaiChallenge9.debug.xcconfig"; sourceTree = "<group>"; };
/* End PBXFileReference section */

/* Begin PBXFrameworksBuildPhase section */
		D321581F281E7EE6003F404A /* Frameworks */ = {
			isa = PBXFrameworksBuildPhase;
			buildActionMask = 2147483647;
			files = (
				1E32100B091D5545A9E55873 /* Pods_KadaiChallenge9.framework in Frameworks */,
			);
			runOnlyForDeploymentPostprocessing = 0;
		};
/* End PBXFrameworksBuildPhase section */

/* Begin PBXGroup section */
		57BBAF99F426C5E5EDA4AAF1 /* Frameworks */ = {
			isa = PBXGroup;
			children = (
				B7537CAEC8085EDF6C53C4CD /* Pods_KadaiChallenge9.framework */,
			);
			name = Frameworks;
			sourceTree = "<group>";
		};
		C49C280599F4C9180A0FAA84 /* Pods */ = {
			isa = PBXGroup;
			children = (
				F79DDA8C3C583AB450B3BE97 /* Pods-KadaiChallenge9.debug.xcconfig */,
				976BCF2E39F59CC6B25376B2 /* Pods-KadaiChallenge9.release.xcconfig */,
			);
			path = Pods;
			sourceTree = "<group>";
		};
		D3215819281E7EE6003F404A = {
			isa = PBXGroup;
			children = (
				D3215824281E7EE6003F404A /* KadaiChallenge9 */,
				D3215823281E7EE6003F404A /* Products */,
				C49C280599F4C9180A0FAA84 /* Pods */,
				57BBAF99F426C5E5EDA4AAF1 /* Frameworks */,
			);
			sourceTree = "<group>";
		};
		D3215823281E7EE6003F404A /* Products */ = {
			isa = PBXGroup;
			children = (
				D3215822281E7EE6003F404A /* KadaiChallenge9.app */,
			);
			name = Products;
			sourceTree = "<group>";
		};
		D3215824281E7EE6003F404A /* KadaiChallenge9 */ = {
			isa = PBXGroup;
			children = (
				D3215825281E7EE6003F404A /* AppDelegate.swift */,
				D3215827281E7EE6003F404A /* SceneDelegate.swift */,
				D3215829281E7EE6003F404A /* ViewController.swift */,
				D3B2ABC5281E842400915C00 /* SelectionPrefecturesViewController.swift */,
				D321582B281E7EE6003F404A /* Main.storyboard */,
				D321582E281E7EE8003F404A /* Assets.xcassets */,
				D3215830281E7EE8003F404A /* LaunchScreen.storyboard */,
				D3215833281E7EE8003F404A /* Info.plist */,
			);
			path = KadaiChallenge9;
			sourceTree = "<group>";
		};
/* End PBXGroup section */

/* Begin PBXNativeTarget section */
		D3215821281E7EE6003F404A /* KadaiChallenge9 */ = {
			isa = PBXNativeTarget;
			buildConfigurationList = D3215836281E7EE8003F404A /* Build configuration list for PBXNativeTarget "KadaiChallenge9" */;
			buildPhases = (
				9A807A609001FAA2EA25D5DC /* [CP] Check Pods Manifest.lock */,
				D321581E281E7EE6003F404A /* Sources */,
				D321581F281E7EE6003F404A /* Frameworks */,
				D3215820281E7EE6003F404A /* Resources */,
				D3B2ABC7281E8FA400915C00 /* ShellScript */,
			);
			buildRules = (
			);
			dependencies = (
			);
			name = KadaiChallenge9;
			productName = KadaiChallenge9;
			productReference = D3215822281E7EE6003F404A /* KadaiChallenge9.app */;
			productType = "com.apple.product-type.application";
		};
/* End PBXNativeTarget section */

/* Begin PBXProject section */
		D321581A281E7EE6003F404A /* Project object */ = {
			isa = PBXProject;
			attributes = {
				BuildIndependentTargetsInParallel = 1;
				LastSwiftUpdateCheck = 1330;
				LastUpgradeCheck = 1330;
				TargetAttributes = {
					D3215821281E7EE6003F404A = {
						CreatedOnToolsVersion = 13.3.1;
					};
				};
			};
			buildConfigurationList = D321581D281E7EE6003F404A /* Build configuration list for PBXProject "KadaiChallenge9" */;
			compatibilityVersion = "Xcode 13.0";
			developmentRegion = en;
			hasScannedForEncodings = 0;
			knownRegions = (
				en,
				Base,
			);
			mainGroup = D3215819281E7EE6003F404A;
			productRefGroup = D3215823281E7EE6003F404A /* Products */;
			projectDirPath = "";
			projectRoot = "";
			targets = (
				D3215821281E7EE6003F404A /* KadaiChallenge9 */,
			);
		};
/* End PBXProject section */

/* Begin PBXResourcesBuildPhase section */
		D3215820281E7EE6003F404A /* Resources */ = {
			isa = PBXResourcesBuildPhase;
			buildActionMask = 2147483647;
			files = (
				D3215832281E7EE8003F404A /* LaunchScreen.storyboard in Resources */,
				D321582F281E7EE8003F404A /* Assets.xcassets in Resources */,
				D321582D281E7EE6003F404A /* Main.storyboard in Resources */,
			);
			runOnlyForDeploymentPostprocessing = 0;
		};
/* End PBXResourcesBuildPhase section */

/* Begin PBXShellScriptBuildPhase section */
		9A807A609001FAA2EA25D5DC /* [CP] Check Pods Manifest.lock */ = {
			isa = PBXShellScriptBuildPhase;
			buildActionMask = 2147483647;
			files = (
			);
			inputFileListPaths = (
			);
			inputPaths = (
				"${PODS_PODFILE_DIR_PATH}/Podfile.lock",
				"${PODS_ROOT}/Manifest.lock",
			);
			name = "[CP] Check Pods Manifest.lock";
			outputFileListPaths = (
			);
			outputPaths = (
				"$(DERIVED_FILE_DIR)/Pods-KadaiChallenge9-checkManifestLockResult.txt",
			);
			runOnlyForDeploymentPostprocessing = 0;
			shellPath = /bin/sh;
			shellScript = "diff \"${PODS_PODFILE_DIR_PATH}/Podfile.lock\" \"${PODS_ROOT}/Manifest.lock\" > /dev/null\nif [ $? != 0 ] ; then\n    # print error to STDERR\n    echo \"error: The sandbox is not in sync with the Podfile.lock. Run 'pod install' or update your CocoaPods installation.\" >&2\n    exit 1\nfi\n# This output is used by Xcode 'outputs' to avoid re-running this script phase.\necho \"SUCCESS\" > \"${SCRIPT_OUTPUT_FILE_0}\"\n";
			showEnvVarsInLog = 0;
		};
		D3B2ABC7281E8FA400915C00 /* ShellScript */ = {
			isa = PBXShellScriptBuildPhase;
			buildActionMask = 2147483647;
			files = (
			);
			inputFileListPaths = (
			);
			inputPaths = (
			);
			outputFileListPaths = (
			);
			outputPaths = (
			);
			runOnlyForDeploymentPostprocessing = 0;
			shellPath = /bin/sh;
			shellScript = "if which \"${PODS_ROOT}/SwiftLint/swiftlint\" >/dev/null; then\n${PODS_ROOT}/SwiftLint/swiftlint\nelse\necho \"warning: SwiftLint not installed, download from https://github.com/realm/SwiftLint\"\nfi\n";
		};
/* End PBXShellScriptBuildPhase section */

/* Begin PBXSourcesBuildPhase section */
		D321581E281E7EE6003F404A /* Sources */ = {
			isa = PBXSourcesBuildPhase;
			buildActionMask = 2147483647;
			files = (
				D3B2ABC6281E842400915C00 /* SelectionPrefecturesViewController.swift in Sources */,
				D321582A281E7EE6003F404A /* ViewController.swift in Sources */,
				D3215826281E7EE6003F404A /* AppDelegate.swift in Sources */,
				D3215828281E7EE6003F404A /* SceneDelegate.swift in Sources */,
			);
			runOnlyForDeploymentPostprocessing = 0;
		};
/* End PBXSourcesBuildPhase section */

/* Begin PBXVariantGroup section */
		D321582B281E7EE6003F404A /* Main.storyboard */ = {
			isa = PBXVariantGroup;
			children = (
				D321582C281E7EE6003F404A /* Base */,
			);
			name = Main.storyboard;
			sourceTree = "<group>";
		};
		D3215830281E7EE8003F404A /* LaunchScreen.storyboard */ = {
			isa = PBXVariantGroup;
			children = (
				D3215831281E7EE8003F404A /* Base */,
			);
			name = LaunchScreen.storyboard;
			sourceTree = "<group>";
		};
/* End PBXVariantGroup section */

/* Begin XCBuildConfiguration section */
		D3215834281E7EE8003F404A /* Debug */ = {
			isa = XCBuildConfiguration;
			buildSettings = {
				ALWAYS_SEARCH_USER_PATHS = NO;
				CLANG_ANALYZER_NONNULL = YES;
				CLANG_ANALYZER_NUMBER_OBJECT_CONVERSION = YES_AGGRESSIVE;
				CLANG_CXX_LANGUAGE_STANDARD = "gnu++17";
				CLANG_ENABLE_MODULES = YES;
				CLANG_ENABLE_OBJC_ARC = YES;
				CLANG_ENABLE_OBJC_WEAK = YES;
				CLANG_WARN_BLOCK_CAPTURE_AUTORELEASING = YES;
				CLANG_WARN_BOOL_CONVERSION = YES;
				CLANG_WARN_COMMA = YES;
				CLANG_WARN_CONSTANT_CONVERSION = YES;
				CLANG_WARN_DEPRECATED_OBJC_IMPLEMENTATIONS = YES;
				CLANG_WARN_DIRECT_OBJC_ISA_USAGE = YES_ERROR;
				CLANG_WARN_DOCUMENTATION_COMMENTS = YES;
				CLANG_WARN_EMPTY_BODY = YES;
				CLANG_WARN_ENUM_CONVERSION = YES;
				CLANG_WARN_INFINITE_RECURSION = YES;
				CLANG_WARN_INT_CONVERSION = YES;
				CLANG_WARN_NON_LITERAL_NULL_CONVERSION = YES;
				CLANG_WARN_OBJC_IMPLICIT_RETAIN_SELF = YES;
				CLANG_WARN_OBJC_LITERAL_CONVERSION = YES;
				CLANG_WARN_OBJC_ROOT_CLASS = YES_ERROR;
				CLANG_WARN_QUOTED_INCLUDE_IN_FRAMEWORK_HEADER = YES;
				CLANG_WARN_RANGE_LOOP_ANALYSIS = YES;
				CLANG_WARN_STRICT_PROTOTYPES = YES;
				CLANG_WARN_SUSPICIOUS_MOVE = YES;
				CLANG_WARN_UNGUARDED_AVAILABILITY = YES_AGGRESSIVE;
				CLANG_WARN_UNREACHABLE_CODE = YES;
				CLANG_WARN__DUPLICATE_METHOD_MATCH = YES;
				COPY_PHASE_STRIP = NO;
				DEBUG_INFORMATION_FORMAT = dwarf;
				ENABLE_STRICT_OBJC_MSGSEND = YES;
				ENABLE_TESTABILITY = YES;
				GCC_C_LANGUAGE_STANDARD = gnu11;
				GCC_DYNAMIC_NO_PIC = NO;
				GCC_NO_COMMON_BLOCKS = YES;
				GCC_OPTIMIZATION_LEVEL = 0;
				GCC_PREPROCESSOR_DEFINITIONS = (
					"DEBUG=1",
					"$(inherited)",
				);
				GCC_WARN_64_TO_32_BIT_CONVERSION = YES;
				GCC_WARN_ABOUT_RETURN_TYPE = YES_ERROR;
				GCC_WARN_UNDECLARED_SELECTOR = YES;
				GCC_WARN_UNINITIALIZED_AUTOS = YES_AGGRESSIVE;
				GCC_WARN_UNUSED_FUNCTION = YES;
				GCC_WARN_UNUSED_VARIABLE = YES;
				IPHONEOS_DEPLOYMENT_TARGET = 15.4;
				MTL_ENABLE_DEBUG_INFO = INCLUDE_SOURCE;
				MTL_FAST_MATH = YES;
				ONLY_ACTIVE_ARCH = YES;
				SDKROOT = iphoneos;
				SWIFT_ACTIVE_COMPILATION_CONDITIONS = DEBUG;
				SWIFT_OPTIMIZATION_LEVEL = "-Onone";
			};
			name = Debug;
		};
		D3215835281E7EE8003F404A /* Release */ = {
			isa = XCBuildConfiguration;
			buildSettings = {
				ALWAYS_SEARCH_USER_PATHS = NO;
				CLANG_ANALYZER_NONNULL = YES;
				CLANG_ANALYZER_NUMBER_OBJECT_CONVERSION = YES_AGGRESSIVE;
				CLANG_CXX_LANGUAGE_STANDARD = "gnu++17";
				CLANG_ENABLE_MODULES = YES;
				CLANG_ENABLE_OBJC_ARC = YES;
				CLANG_ENABLE_OBJC_WEAK = YES;
				CLANG_WARN_BLOCK_CAPTURE_AUTORELEASING = YES;
				CLANG_WARN_BOOL_CONVERSION = YES;
				CLANG_WARN_COMMA = YES;
				CLANG_WARN_CONSTANT_CONVERSION = YES;
				CLANG_WARN_DEPRECATED_OBJC_IMPLEMENTATIONS = YES;
				CLANG_WARN_DIRECT_OBJC_ISA_USAGE = YES_ERROR;
				CLANG_WARN_DOCUMENTATION_COMMENTS = YES;
				CLANG_WARN_EMPTY_BODY = YES;
				CLANG_WARN_ENUM_CONVERSION = YES;
				CLANG_WARN_INFINITE_RECURSION = YES;
				CLANG_WARN_INT_CONVERSION = YES;
				CLANG_WARN_NON_LITERAL_NULL_CONVERSION = YES;
				CLANG_WARN_OBJC_IMPLICIT_RETAIN_SELF = YES;
				CLANG_WARN_OBJC_LITERAL_CONVERSION = YES;
				CLANG_WARN_OBJC_ROOT_CLASS = YES_ERROR;
				CLANG_WARN_QUOTED_INCLUDE_IN_FRAMEWORK_HEADER = YES;
				CLANG_WARN_RANGE_LOOP_ANALYSIS = YES;
				CLANG_WARN_STRICT_PROTOTYPES = YES;
				CLANG_WARN_SUSPICIOUS_MOVE = YES;
				CLANG_WARN_UNGUARDED_AVAILABILITY = YES_AGGRESSIVE;
				CLANG_WARN_UNREACHABLE_CODE = YES;
				CLANG_WARN__DUPLICATE_METHOD_MATCH = YES;
				COPY_PHASE_STRIP = NO;
				DEBUG_INFORMATION_FORMAT = "dwarf-with-dsym";
				ENABLE_NS_ASSERTIONS = NO;
				ENABLE_STRICT_OBJC_MSGSEND = YES;
				GCC_C_LANGUAGE_STANDARD = gnu11;
				GCC_NO_COMMON_BLOCKS = YES;
				GCC_WARN_64_TO_32_BIT_CONVERSION = YES;
				GCC_WARN_ABOUT_RETURN_TYPE = YES_ERROR;
				GCC_WARN_UNDECLARED_SELECTOR = YES;
				GCC_WARN_UNINITIALIZED_AUTOS = YES_AGGRESSIVE;
				GCC_WARN_UNUSED_FUNCTION = YES;
				GCC_WARN_UNUSED_VARIABLE = YES;
				IPHONEOS_DEPLOYMENT_TARGET = 15.4;
				MTL_ENABLE_DEBUG_INFO = NO;
				MTL_FAST_MATH = YES;
				SDKROOT = iphoneos;
				SWIFT_COMPILATION_MODE = wholemodule;
				SWIFT_OPTIMIZATION_LEVEL = "-O";
				VALIDATE_PRODUCT = YES;
			};
			name = Release;
		};
		D3215837281E7EE8003F404A /* Debug */ = {
			isa = XCBuildConfiguration;
			baseConfigurationReference = F79DDA8C3C583AB450B3BE97 /* Pods-KadaiChallenge9.debug.xcconfig */;
			buildSettings = {
				ASSETCATALOG_COMPILER_APPICON_NAME = AppIcon;
				ASSETCATALOG_COMPILER_GLOBAL_ACCENT_COLOR_NAME = AccentColor;
				CODE_SIGN_STYLE = Automatic;
				CURRENT_PROJECT_VERSION = 1;
				GENERATE_INFOPLIST_FILE = YES;
				INFOPLIST_FILE = KadaiChallenge9/Info.plist;
				INFOPLIST_KEY_UIApplicationSupportsIndirectInputEvents = YES;
				INFOPLIST_KEY_UILaunchStoryboardName = LaunchScreen;
				INFOPLIST_KEY_UIMainStoryboardFile = Main;
				INFOPLIST_KEY_UISupportedInterfaceOrientations_iPad = "UIInterfaceOrientationPortrait UIInterfaceOrientationPortraitUpsideDown UIInterfaceOrientationLandscapeLeft UIInterfaceOrientationLandscapeRight";
				INFOPLIST_KEY_UISupportedInterfaceOrientations_iPhone = "UIInterfaceOrientationPortrait UIInterfaceOrientationLandscapeLeft UIInterfaceOrientationLandscapeRight";
				LD_RUNPATH_SEARCH_PATHS = (
					"$(inherited)",
					"@executable_path/Frameworks",
				);
				MARKETING_VERSION = 1.0;
				PRODUCT_BUNDLE_IDENTIFIER = "Swift-Beginners.KadaiChallenge9";
				PRODUCT_NAME = "$(TARGET_NAME)";
				SWIFT_EMIT_LOC_STRINGS = YES;
				SWIFT_VERSION = 5.0;
				TARGETED_DEVICE_FAMILY = "1,2";
			};
			name = Debug;
		};
		D3215838281E7EE8003F404A /* Release */ = {
			isa = XCBuildConfiguration;
			baseConfigurationReference = 976BCF2E39F59CC6B25376B2 /* Pods-KadaiChallenge9.release.xcconfig */;
			buildSettings = {
				ASSETCATALOG_COMPILER_APPICON_NAME = AppIcon;
				ASSETCATALOG_COMPILER_GLOBAL_ACCENT_COLOR_NAME = AccentColor;
				CODE_SIGN_STYLE = Automatic;
				CURRENT_PROJECT_VERSION = 1;
				GENERATE_INFOPLIST_FILE = YES;
				INFOPLIST_FILE = KadaiChallenge9/Info.plist;
				INFOPLIST_KEY_UIApplicationSupportsIndirectInputEvents = YES;
				INFOPLIST_KEY_UILaunchStoryboardName = LaunchScreen;
				INFOPLIST_KEY_UIMainStoryboardFile = Main;
				INFOPLIST_KEY_UISupportedInterfaceOrientations_iPad = "UIInterfaceOrientationPortrait UIInterfaceOrientationPortraitUpsideDown UIInterfaceOrientationLandscapeLeft UIInterfaceOrientationLandscapeRight";
				INFOPLIST_KEY_UISupportedInterfaceOrientations_iPhone = "UIInterfaceOrientationPortrait UIInterfaceOrientationLandscapeLeft UIInterfaceOrientationLandscapeRight";
				LD_RUNPATH_SEARCH_PATHS = (
					"$(inherited)",
					"@executable_path/Frameworks",
				);
				MARKETING_VERSION = 1.0;
				PRODUCT_BUNDLE_IDENTIFIER = "Swift-Beginners.KadaiChallenge9";
				PRODUCT_NAME = "$(TARGET_NAME)";
				SWIFT_EMIT_LOC_STRINGS = YES;
				SWIFT_VERSION = 5.0;
				TARGETED_DEVICE_FAMILY = "1,2";
			};
			name = Release;
		};
/* End XCBuildConfiguration section */

/* Begin XCConfigurationList section */
		D321581D281E7EE6003F404A /* Build configuration list for PBXProject "KadaiChallenge9" */ = {
			isa = XCConfigurationList;
			buildConfigurations = (
				D3215834281E7EE8003F404A /* Debug */,
				D3215835281E7EE8003F404A /* Release */,
			);
			defaultConfigurationIsVisible = 0;
			defaultConfigurationName = Release;
		};
		D3215836281E7EE8003F404A /* Build configuration list for PBXNativeTarget "KadaiChallenge9" */ = {
			isa = XCConfigurationList;
			buildConfigurations = (
				D3215837281E7EE8003F404A /* Debug */,
				D3215838281E7EE8003F404A /* Release */,
			);
			defaultConfigurationIsVisible = 0;
			defaultConfigurationName = Release;
		};
/* End XCConfigurationList section */
	};
	rootObject = D321581A281E7EE6003F404A /* Project object */;
}
